
Microsoft Visual Studio Solution File, Format Version 11.00
# Visual Studio 2010
Project("{FAE04EC0-301F-11D3-BF4B-00C04F79EFBC}") = "Don't Starve", "Assembly-CSharp-firstpass.csproj", "{575D9403-127D-9A2D-E6BD-C1B9D7BD577D}"
EndProject
Project("{FAE04EC0-301F-11D3-BF4B-00C04F79EFBC}") = "Don't Starve", "Assembly-CSharp.csproj", "{D2EADE54-CA7B-52F5-1F49-21275F361F95}"
EndProject
Project("{FAE04EC0-301F-11D3-BF4B-00C04F79EFBC}") = "Don't Starve", "Assembly-CSharp-Editor-firstpass.csproj", "{E2FDCD97-B11E-5F57-503E-F105DBECC899}"
EndProject
Global
	GlobalSection(SolutionConfigurationPlatforms) = preSolution
		Debug|Any CPU = Debug|Any CPU
		Release|Any CPU = Release|Any CPU
	EndGlobalSection
	GlobalSection(ProjectConfigurationPlatforms) = postSolution
		{575D9403-127D-9A2D-E6BD-C1B9D7BD577D}.Debug|Any CPU.ActiveCfg = Debug|Any CPU
		{575D9403-127D-9A2D-E6BD-C1B9D7BD577D}.Debug|Any CPU.Build.0 = Debug|Any CPU
		{575D9403-127D-9A2D-E6BD-C1B9D7BD577D}.Release|Any CPU.ActiveCfg = Release|Any CPU
		{575D9403-127D-9A2D-E6BD-C1B9D7BD577D}.Release|Any CPU.Build.0 = Release|Any CPU
		{D2EADE54-CA7B-52F5-1F49-21275F361F95}.Debug|Any CPU.ActiveCfg = Debug|Any CPU
		{D2EADE54-CA7B-52F5-1F49-21275F361F95}.Debug|Any CPU.Build.0 = Debug|Any CPU
		{D2EADE54-CA7B-52F5-1F49-21275F361F95}.Release|Any CPU.ActiveCfg = Release|Any CPU
		{D2EADE54-CA7B-52F5-1F49-21275F361F95}.Release|Any CPU.Build.0 = Release|Any CPU
		{E2FDCD97-B11E-5F57-503E-F105DBECC899}.Debug|Any CPU.ActiveCfg = Debug|Any CPU
		{E2FDCD97-B11E-5F57-503E-F105DBECC899}.Debug|Any CPU.Build.0 = Debug|Any CPU
		{E2FDCD97-B11E-5F57-503E-F105DBECC899}.Release|Any CPU.ActiveCfg = Release|Any CPU
		{E2FDCD97-B11E-5F57-503E-F105DBECC899}.Release|Any CPU.Build.0 = Release|Any CPU
	EndGlobalSection
	GlobalSection(SolutionProperties) = preSolution
		HideSolutionNode = FALSE
	EndGlobalSection
	GlobalSection(MonoDevelopProperties) = preSolution
		StartupItem = Assembly-CSharp.csproj
	EndGlobalSection
EndGlobal
